
Microsoft Visual Studio Solution File, Format Version 12.00
# Visual Studio Version 16
VisualStudioVersion = 16.0.30225.117
MinimumVisualStudioVersion = 10.0.40219.1
Project("{FAE04EC0-301F-11D3-BF4B-00C04F79EFBC}") = "Themida .NET Unpacker", "Themida .NET Unpacker\Themida .NET Unpacker.csproj", "{FEB9E8FB-E159-44E9-AE3C-58D35CB621D8}"
EndProject
Global
	GlobalSection(SolutionConfigurationPlatforms) = preSolution
		Debug|Any CPU = Debug|Any CPU
		Release|Any CPU = Release|Any CPU
	EndGlobalSection
	GlobalSection(ProjectConfigurationPlatforms) = postSolution
		{FEB9E8FB-E159-44E9-AE3C-58D35CB621D8}.Debug|Any CPU.ActiveCfg = Debug|Any CPU
		{FEB9E8FB-E159-44E9-AE3C-58D35CB621D8}.Debug|Any CPU.Build.0 = Debug|Any CPU
		{FEB9E8FB-E159-44E9-AE3C-58D35CB621D8}.Release|Any CPU.ActiveCfg = Release|Any CPU
		{FEB9E8FB-E159-44E9-AE3C-58D35CB621D8}.Release|Any CPU.Build.0 = Release|Any CPU
	EndGlobalSection
	GlobalSection(SolutionProperties) = preSolution
		HideSolutionNode = FALSE
	EndGlobalSection
	GlobalSection(ExtensibilityGlobals) = postSolution
		SolutionGuid = {F209BDD5-94CF-4442-A066-38E8CCDF415E}
	EndGlobalSection
EndGlobal
